schema: '2.0'
stages:
  data_ingestion:
    cmd: python src/data/data_ingestion.py
    deps:
    - path: src/data/data_ingestion.py
      hash: md5
      md5: ee08a4c31ae467cebbcce70b5cc5491a
      size: 3545
    params:
      params.yaml:
        data_ingestion.test_size: 0.15
    outs:
    - path: data/raw
      hash: md5
      md5: 9096031b858a2cbb24cca78d3ce8a538.dir
      size: 827973
      nfiles: 2
  data_preprocessing:
    cmd: python src/data/data_preprocessing.py
    deps:
    - path: data/raw
      hash: md5
      md5: 9096031b858a2cbb24cca78d3ce8a538.dir
      size: 827973
      nfiles: 2
    - path: src/data/data_preprocessing.py
      hash: md5
      md5: c1e18bf95fcc1e3d80cae9ee7c4a6383
      size: 4014
    outs:
    - path: data/interim
      hash: md5
      md5: 5cad21fa0d9bde3de854f3c73c78db35.dir
      size: 572486
      nfiles: 2
  feature_engineering:
    cmd: python src/features/feature_engineering.py
    deps:
    - path: data/interim
      hash: md5
      md5: 5cad21fa0d9bde3de854f3c73c78db35.dir
      size: 572486
      nfiles: 2
    - path: src/features/feature_engineering.py
      hash: md5
      md5: c7245db7f2d7888f9ec87c4bc88a9e2c
      size: 3792
    params:
      params.yaml:
        feature_engineering.max_features: 3500
    outs:
    - path: data/processed
      hash: md5
      md5: 703c3c74e0464897662e9217ab1d36c0.dir
      size: 72681916
      nfiles: 2
  model_building:
    cmd: python src/model/model_building.py
    deps:
    - path: data/processed
      hash: md5
      md5: 703c3c74e0464897662e9217ab1d36c0.dir
      size: 72681916
      nfiles: 2
    - path: src/model/model_building.py
      hash: md5
      md5: 809681a98d52938b43c9befd0b00a422
      size: 2373
    outs:
    - path: models/model.pkl
      hash: md5
      md5: da9ba8b20473be6ed0176ee0fba683f7
      size: 28716
  model_evaluation:
    cmd: python src/model/model_evaluation.py
    deps:
    - path: models/model.pkl
      hash: md5
      md5: da9ba8b20473be6ed0176ee0fba683f7
      size: 28716
    - path: src/model/model_evaluation.py
      hash: md5
      md5: 60b75591dce42b3a381b2e89df6fb366
      size: 5309
    outs:
    - path: reports/experiment_info.json
      hash: md5
      md5: dd84ccda05e317f08ee3286cb6f6927a
      size: 82
    - path: reports/metrics.json
      hash: md5
      md5: eb1234c0b5368522d4dd58798aaaac6d
      size: 145
  model_registration:
    cmd: python src/model/register_model.py
    deps:
    - path: reports/experiment_info.json
      hash: md5
      md5: dd84ccda05e317f08ee3286cb6f6927a
      size: 82
    - path: src/model/register_model.py
      hash: md5
      md5: 1d691dc5f6cc207fb653d7b98a546f80
      size: 2540
